// !$*UTF8*$!
{
	archiveVersion = 1;
	classes = {
	};
	objectVersion = 51;
	objects = {

/* Begin PBXBuildFile section */
		5202986A263EFC2600A5790E /* CastCell.swift in Sources */ = {isa = PBXBuildFile; fileRef = 52029869263EFC2600A5790E /* CastCell.swift */; };
		5202986E263F9D3000A5790E /* PopularSearchCell.swift in Sources */ = {isa = PBXBuildFile; fileRef = 5202986D263F9D3000A5790E /* PopularSearchCell.swift */; };
		52029871263FA72600A5790E /* FavoriteCell.swift in Sources */ = {isa = PBXBuildFile; fileRef = 52029870263FA72600A5790E /* FavoriteCell.swift */; };
		52029874263FD19200A5790E /* PopularInteractor.swift in Sources */ = {isa = PBXBuildFile; fileRef = 52029873263FD19200A5790E /* PopularInteractor.swift */; };
		52029877263FD19D00A5790E /* FavoriteInteractor.swift in Sources */ = {isa = PBXBuildFile; fileRef = 52029876263FD19D00A5790E /* FavoriteInteractor.swift */; };
		5202987C263FD51000A5790E /* Video.swift in Sources */ = {isa = PBXBuildFile; fileRef = 5202987B263FD51000A5790E /* Video.swift */; };
		5202987F263FD7BC00A5790E /* DetailInteractor.swift in Sources */ = {isa = PBXBuildFile; fileRef = 5202987E263FD7BC00A5790E /* DetailInteractor.swift */; };
		520E170B2649CE7400B49069 /* BannerCell.swift in Sources */ = {isa = PBXBuildFile; fileRef = 520E170A2649CE7400B49069 /* BannerCell.swift */; };
		520E1713264A1A3800B49069 /* CustomTapGesture.swift in Sources */ = {isa = PBXBuildFile; fileRef = 520E1712264A1A3800B49069 /* CustomTapGesture.swift */; };
		5238F0962646E3D500EA5ACC /* Box.swift in Sources */ = {isa = PBXBuildFile; fileRef = 5238F0952646E3D500EA5ACC /* Box.swift */; };
		5245B25A263DA0C700914123 /* PopularCell.swift in Sources */ = {isa = PBXBuildFile; fileRef = 5245B259263DA0C700914123 /* PopularCell.swift */; };
		5245B25D263DA0DA00914123 /* UpComingCell.swift in Sources */ = {isa = PBXBuildFile; fileRef = 5245B25C263DA0DA00914123 /* UpComingCell.swift */; };
		5245B264263DA3AF00914123 /* DetailViewController.swift in Sources */ = {isa = PBXBuildFile; fileRef = 5245B263263DA3AF00914123 /* DetailViewController.swift */; };
		5245B268263DA3BB00914123 /* DetailViewModel.swift in Sources */ = {isa = PBXBuildFile; fileRef = 5245B267263DA3BB00914123 /* DetailViewModel.swift */; };
		52508A2326404BDC0079DDBE /* PaddingLabel.swift in Sources */ = {isa = PBXBuildFile; fileRef = 52508A2226404BDC0079DDBE /* PaddingLabel.swift */; };
		5273D2A1263CB59E004FF8E0 /* AppDelegate.swift in Sources */ = {isa = PBXBuildFile; fileRef = 5273D2A0263CB59E004FF8E0 /* AppDelegate.swift */; };
		5273D2A3263CB59E004FF8E0 /* SceneDelegate.swift in Sources */ = {isa = PBXBuildFile; fileRef = 5273D2A2263CB59E004FF8E0 /* SceneDelegate.swift */; };
		5273D2A5263CB59E004FF8E0 /* HomeViewController.swift in Sources */ = {isa = PBXBuildFile; fileRef = 5273D2A4263CB59E004FF8E0 /* HomeViewController.swift */; };
		5273D2A8263CB59E004FF8E0 /* Main.storyboard in Resources */ = {isa = PBXBuildFile; fileRef = 5273D2A6263CB59E004FF8E0 /* Main.storyboard */; };
		5273D2AA263CB5A2004FF8E0 /* Assets.xcassets in Resources */ = {isa = PBXBuildFile; fileRef = 5273D2A9263CB5A2004FF8E0 /* Assets.xcassets */; };
		5273D2AD263CB5A2004FF8E0 /* LaunchScreen.storyboard in Resources */ = {isa = PBXBuildFile; fileRef = 5273D2AB263CB5A2004FF8E0 /* LaunchScreen.storyboard */; };
		5273D2C1263CB74C004FF8E0 /* Extensions.swift in Sources */ = {isa = PBXBuildFile; fileRef = 5273D2C0263CB74C004FF8E0 /* Extensions.swift */; };
		5273D2C6263CB770004FF8E0 /* Constants.swift in Sources */ = {isa = PBXBuildFile; fileRef = 5273D2C5263CB770004FF8E0 /* Constants.swift */; };
		5273D2D0263CB85B004FF8E0 /* MovieRepository.swift in Sources */ = {isa = PBXBuildFile; fileRef = 5273D2CF263CB85B004FF8E0 /* MovieRepository.swift */; };
		5273D2D4263CB86F004FF8E0 /* LocaleDataSource.swift in Sources */ = {isa = PBXBuildFile; fileRef = 5273D2D3263CB86F004FF8E0 /* LocaleDataSource.swift */; };
		5273D2D7263CB87A004FF8E0 /* RemoteDataSource.swift in Sources */ = {isa = PBXBuildFile; fileRef = 5273D2D6263CB87A004FF8E0 /* RemoteDataSource.swift */; };
		5273D2DA263CB886004FF8E0 /* ObjectMapper.swift in Sources */ = {isa = PBXBuildFile; fileRef = 5273D2D9263CB886004FF8E0 /* ObjectMapper.swift */; };
		5273D2DD263CB893004FF8E0 /* Injection.swift in Sources */ = {isa = PBXBuildFile; fileRef = 5273D2DC263CB893004FF8E0 /* Injection.swift */; };
		5273D2E4263CB8DF004FF8E0 /* Movie.swift in Sources */ = {isa = PBXBuildFile; fileRef = 5273D2E3263CB8DF004FF8E0 /* Movie.swift */; };
		5273D2E9263CB8F5004FF8E0 /* MovieInteractor.swift in Sources */ = {isa = PBXBuildFile; fileRef = 5273D2E8263CB8F5004FF8E0 /* MovieInteractor.swift */; };
		5273D2EE263CB91E004FF8E0 /* MovieEntity.swift in Sources */ = {isa = PBXBuildFile; fileRef = 5273D2ED263CB91E004FF8E0 /* MovieEntity.swift */; };
		5273D2F1263CB92E004FF8E0 /* MovieResponse.swift in Sources */ = {isa = PBXBuildFile; fileRef = 5273D2F0263CB92E004FF8E0 /* MovieResponse.swift */; };
		5273D2F5263CB96E004FF8E0 /* CustomError.swift in Sources */ = {isa = PBXBuildFile; fileRef = 5273D2F4263CB96E004FF8E0 /* CustomError.swift */; };
		5273D316263D00C2004FF8E0 /* FavoriteViewModel.swift in Sources */ = {isa = PBXBuildFile; fileRef = 5273D315263D00C2004FF8E0 /* FavoriteViewModel.swift */; };
		5273D31A263D00DB004FF8E0 /* FavoriteViewController.swift in Sources */ = {isa = PBXBuildFile; fileRef = 5273D319263D00DB004FF8E0 /* FavoriteViewController.swift */; };
		5273D31D263D00ED004FF8E0 /* PopularViewModel.swift in Sources */ = {isa = PBXBuildFile; fileRef = 5273D31C263D00ED004FF8E0 /* PopularViewModel.swift */; };
		5273D320263D00FB004FF8E0 /* PopularViewController.swift in Sources */ = {isa = PBXBuildFile; fileRef = 5273D31F263D00FB004FF8E0 /* PopularViewController.swift */; };
		5273D323263D010E004FF8E0 /* HomeViewModel.swift in Sources */ = {isa = PBXBuildFile; fileRef = 5273D322263D010E004FF8E0 /* HomeViewModel.swift */; };
		5273D33C263D4386004FF8E0 /* Cast.swift in Sources */ = {isa = PBXBuildFile; fileRef = 5273D33B263D4386004FF8E0 /* Cast.swift */; };
		5273D33F263D4456004FF8E0 /* GenreItem.swift in Sources */ = {isa = PBXBuildFile; fileRef = 5273D33E263D4456004FF8E0 /* GenreItem.swift */; };
		5273D342263D4494004FF8E0 /* CastResponse.swift in Sources */ = {isa = PBXBuildFile; fileRef = 5273D341263D4494004FF8E0 /* CastResponse.swift */; };
		5273D345263D4788004FF8E0 /* VideoResponse.swift in Sources */ = {isa = PBXBuildFile; fileRef = 5273D344263D4788004FF8E0 /* VideoResponse.swift */; };
		527A5B1126412D90008CC946 /* GradientView.swift in Sources */ = {isa = PBXBuildFile; fileRef = 527A5B1026412D90008CC946 /* GradientView.swift */; };
		7928D3B8B005D4C356A8987F /* Pods_MuviApp_IOS.framework in Frameworks */ = {isa = PBXBuildFile; fileRef = 0E55A79432118CA2EAB6ECAF /* Pods_MuviApp_IOS.framework */; };
/* End PBXBuildFile section */

/* Begin PBXFileReference section */
		0189269CB965696DA3620426 /* Pods-MuviApp-IOS.release.xcconfig */ = {isa = PBXFileReference; includeInIndex = 1; lastKnownFileType = text.xcconfig; name = "Pods-MuviApp-IOS.release.xcconfig"; path = "Target Support Files/Pods-MuviApp-IOS/Pods-MuviApp-IOS.release.xcconfig"; sourceTree = "<group>"; };
		0E55A79432118CA2EAB6ECAF /* Pods_MuviApp_IOS.framework */ = {isa = PBXFileReference; explicitFileType = wrapper.framework; includeInIndex = 0; path = Pods_MuviApp_IOS.framework; sourceTree = BUILT_PRODUCTS_DIR; };
		52029869263EFC2600A5790E /* CastCell.swift */ = {isa = PBXFileReference; lastKnownFileType = sourcecode.swift; path = CastCell.swift; sourceTree = "<group>"; };
		5202986D263F9D3000A5790E /* PopularSearchCell.swift */ = {isa = PBXFileReference; lastKnownFileType = sourcecode.swift; path = PopularSearchCell.swift; sourceTree = "<group>"; };
		52029870263FA72600A5790E /* FavoriteCell.swift */ = {isa = PBXFileReference; lastKnownFileType = sourcecode.swift; path = FavoriteCell.swift; sourceTree = "<group>"; };
		52029873263FD19200A5790E /* PopularInteractor.swift */ = {isa = PBXFileReference; lastKnownFileType = sourcecode.swift; path = PopularInteractor.swift; sourceTree = "<group>"; };
		52029876263FD19D00A5790E /* FavoriteInteractor.swift */ = {isa = PBXFileReference; lastKnownFileType = sourcecode.swift; path = FavoriteInteractor.swift; sourceTree = "<group>"; };
		5202987B263FD51000A5790E /* Video.swift */ = {isa = PBXFileReference; lastKnownFileType = sourcecode.swift; path = Video.swift; sourceTree = "<group>"; };
		5202987E263FD7BC00A5790E /* DetailInteractor.swift */ = {isa = PBXFileReference; lastKnownFileType = sourcecode.swift; path = DetailInteractor.swift; sourceTree = "<group>"; };
		520E170A2649CE7400B49069 /* BannerCell.swift */ = {isa = PBXFileReference; lastKnownFileType = sourcecode.swift; path = BannerCell.swift; sourceTree = "<group>"; };
		520E1712264A1A3800B49069 /* CustomTapGesture.swift */ = {isa = PBXFileReference; lastKnownFileType = sourcecode.swift; path = CustomTapGesture.swift; sourceTree = "<group>"; };
		5238F0952646E3D500EA5ACC /* Box.swift */ = {isa = PBXFileReference; lastKnownFileType = sourcecode.swift; path = Box.swift; sourceTree = "<group>"; };
		5245B259263DA0C700914123 /* PopularCell.swift */ = {isa = PBXFileReference; lastKnownFileType = sourcecode.swift; path = PopularCell.swift; sourceTree = "<group>"; };
		5245B25C263DA0DA00914123 /* UpComingCell.swift */ = {isa = PBXFileReference; lastKnownFileType = sourcecode.swift; path = UpComingCell.swift; sourceTree = "<group>"; };
		5245B263263DA3AF00914123 /* DetailViewController.swift */ = {isa = PBXFileReference; lastKnownFileType = sourcecode.swift; path = DetailViewController.swift; sourceTree = "<group>"; };
		5245B267263DA3BB00914123 /* DetailViewModel.swift */ = {isa = PBXFileReference; lastKnownFileType = sourcecode.swift; path = DetailViewModel.swift; sourceTree = "<group>"; };
		52508A2226404BDC0079DDBE /* PaddingLabel.swift */ = {isa = PBXFileReference; lastKnownFileType = sourcecode.swift; path = PaddingLabel.swift; sourceTree = "<group>"; };
		5273D29D263CB59E004FF8E0 /* MuviApp-IOS.app */ = {isa = PBXFileReference; explicitFileType = wrapper.application; includeInIndex = 0; path = "MuviApp-IOS.app"; sourceTree = BUILT_PRODUCTS_DIR; };
		5273D2A0263CB59E004FF8E0 /* AppDelegate.swift */ = {isa = PBXFileReference; lastKnownFileType = sourcecode.swift; path = AppDelegate.swift; sourceTree = "<group>"; };
		5273D2A2263CB59E004FF8E0 /* SceneDelegate.swift */ = {isa = PBXFileReference; lastKnownFileType = sourcecode.swift; path = SceneDelegate.swift; sourceTree = "<group>"; };
		5273D2A4263CB59E004FF8E0 /* HomeViewController.swift */ = {isa = PBXFileReference; lastKnownFileType = sourcecode.swift; path = HomeViewController.swift; sourceTree = "<group>"; };
		5273D2A7263CB59E004FF8E0 /* Base */ = {isa = PBXFileReference; lastKnownFileType = file.storyboard; name = Base; path = Base.lproj/Main.storyboard; sourceTree = "<group>"; };
		5273D2A9263CB5A2004FF8E0 /* Assets.xcassets */ = {isa = PBXFileReference; lastKnownFileType = folder.assetcatalog; path = Assets.xcassets; sourceTree = "<group>"; };
		5273D2AC263CB5A2004FF8E0 /* Base */ = {isa = PBXFileReference; lastKnownFileType = file.storyboard; name = Base; path = Base.lproj/LaunchScreen.storyboard; sourceTree = "<group>"; };
		5273D2AE263CB5A2004FF8E0 /* Info.plist */ = {isa = PBXFileReference; lastKnownFileType = text.plist.xml; path = Info.plist; sourceTree = "<group>"; };
		5273D2C0263CB74C004FF8E0 /* Extensions.swift */ = {isa = PBXFileReference; lastKnownFileType = sourcecode.swift; path = Extensions.swift; sourceTree = "<group>"; };
		5273D2C5263CB770004FF8E0 /* Constants.swift */ = {isa = PBXFileReference; lastKnownFileType = sourcecode.swift; path = Constants.swift; sourceTree = "<group>"; };
		5273D2CF263CB85B004FF8E0 /* MovieRepository.swift */ = {isa = PBXFileReference; lastKnownFileType = sourcecode.swift; path = MovieRepository.swift; sourceTree = "<group>"; };
		5273D2D3263CB86F004FF8E0 /* LocaleDataSource.swift */ = {isa = PBXFileReference; lastKnownFileType = sourcecode.swift; path = LocaleDataSource.swift; sourceTree = "<group>"; };
		5273D2D6263CB87A004FF8E0 /* RemoteDataSource.swift */ = {isa = PBXFileReference; lastKnownFileType = sourcecode.swift; path = RemoteDataSource.swift; sourceTree = "<group>"; };
		5273D2D9263CB886004FF8E0 /* ObjectMapper.swift */ = {isa = PBXFileReference; lastKnownFileType = sourcecode.swift; path = ObjectMapper.swift; sourceTree = "<group>"; };
		5273D2DC263CB893004FF8E0 /* Injection.swift */ = {isa = PBXFileReference; lastKnownFileType = sourcecode.swift; path = Injection.swift; sourceTree = "<group>"; };
		5273D2E3263CB8DF004FF8E0 /* Movie.swift */ = {isa = PBXFileReference; lastKnownFileType = sourcecode.swift; path = Movie.swift; sourceTree = "<group>"; };
		5273D2E8263CB8F5004FF8E0 /* MovieInteractor.swift */ = {isa = PBXFileReference; lastKnownFileType = sourcecode.swift; path = MovieInteractor.swift; sourceTree = "<group>"; };
		5273D2ED263CB91E004FF8E0 /* MovieEntity.swift */ = {isa = PBXFileReference; lastKnownFileType = sourcecode.swift; path = MovieEntity.swift; sourceTree = "<group>"; };
		5273D2F0263CB92E004FF8E0 /* MovieResponse.swift */ = {isa = PBXFileReference; lastKnownFileType = sourcecode.swift; path = MovieResponse.swift; sourceTree = "<group>"; };
		5273D2F4263CB96E004FF8E0 /* CustomError.swift */ = {isa = PBXFileReference; lastKnownFileType = sourcecode.swift; path = CustomError.swift; sourceTree = "<group>"; };
		5273D315263D00C2004FF8E0 /* FavoriteViewModel.swift */ = {isa = PBXFileReference; lastKnownFileType = sourcecode.swift; path = FavoriteViewModel.swift; sourceTree = "<group>"; };
		5273D319263D00DB004FF8E0 /* FavoriteViewController.swift */ = {isa = PBXFileReference; lastKnownFileType = sourcecode.swift; path = FavoriteViewController.swift; sourceTree = "<group>"; };
		5273D31C263D00ED004FF8E0 /* PopularViewModel.swift */ = {isa = PBXFileReference; lastKnownFileType = sourcecode.swift; path = PopularViewModel.swift; sourceTree = "<group>"; };
		5273D31F263D00FB004FF8E0 /* PopularViewController.swift */ = {isa = PBXFileReference; lastKnownFileType = sourcecode.swift; path = PopularViewController.swift; sourceTree = "<group>"; };
		5273D322263D010E004FF8E0 /* HomeViewModel.swift */ = {isa = PBXFileReference; lastKnownFileType = sourcecode.swift; path = HomeViewModel.swift; sourceTree = "<group>"; };
		5273D33B263D4386004FF8E0 /* Cast.swift */ = {isa = PBXFileReference; lastKnownFileType = sourcecode.swift; path = Cast.swift; sourceTree = "<group>"; };
		5273D33E263D4456004FF8E0 /* GenreItem.swift */ = {isa = PBXFileReference; lastKnownFileType = sourcecode.swift; path = GenreItem.swift; sourceTree = "<group>"; };
		5273D341263D4494004FF8E0 /* CastResponse.swift */ = {isa = PBXFileReference; lastKnownFileType = sourcecode.swift; path = CastResponse.swift; sourceTree = "<group>"; };
		5273D344263D4788004FF8E0 /* VideoResponse.swift */ = {isa = PBXFileReference; lastKnownFileType = sourcecode.swift; path = VideoResponse.swift; sourceTree = "<group>"; };
		527A5B1026412D90008CC946 /* GradientView.swift */ = {isa = PBXFileReference; lastKnownFileType = sourcecode.swift; path = GradientView.swift; sourceTree = "<group>"; };
		8BB9078D4E283A02B91A32A9 /* Pods-MuviApp-IOS.debug.xcconfig */ = {isa = PBXFileReference; includeInIndex = 1; lastKnownFileType = text.xcconfig; name = "Pods-MuviApp-IOS.debug.xcconfig"; path = "Target Support Files/Pods-MuviApp-IOS/Pods-MuviApp-IOS.debug.xcconfig"; sourceTree = "<group>"; };
/* End PBXFileReference section */

/* Begin PBXFrameworksBuildPhase section */
		5273D29A263CB59E004FF8E0 /* Frameworks */ = {
			isa = PBXFrameworksBuildPhase;
			buildActionMask = 2147483647;
			files = (
				7928D3B8B005D4C356A8987F /* Pods_MuviApp_IOS.framework in Frameworks */,
			);
			runOnlyForDeploymentPostprocessing = 0;
		};
/* End PBXFrameworksBuildPhase section */

/* Begin PBXGroup section */
		0797045C5C0029CBE046C8E4 /* Frameworks */ = {
			isa = PBXGroup;
			children = (
				0E55A79432118CA2EAB6ECAF /* Pods_MuviApp_IOS.framework */,
			);
			name = Frameworks;
			sourceTree = "<group>";
		};
		52029868263EFC0700A5790E /* Cell */ = {
			isa = PBXGroup;
			children = (
				52029869263EFC2600A5790E /* CastCell.swift */,
			);
			path = Cell;
			sourceTree = "<group>";
		};
		5245B258263DA09800914123 /* Cell */ = {
			isa = PBXGroup;
			children = (
				5245B259263DA0C700914123 /* PopularCell.swift */,
				5245B25C263DA0DA00914123 /* UpComingCell.swift */,
				520E170A2649CE7400B49069 /* BannerCell.swift */,
			);
			path = Cell;
			sourceTree = "<group>";
		};
		5245B262263DA38600914123 /* Detail */ = {
			isa = PBXGroup;
			children = (
				52029868263EFC0700A5790E /* Cell */,
				5245B263263DA3AF00914123 /* DetailViewController.swift */,
				5245B267263DA3BB00914123 /* DetailViewModel.swift */,
			);
			path = Detail;
			sourceTree = "<group>";
		};
		5273D294263CB59E004FF8E0 = {
			isa = PBXGroup;
			children = (
				5273D29F263CB59E004FF8E0 /* MuviApp-IOS */,
				5273D29E263CB59E004FF8E0 /* Products */,
				74ECB06E7FBCC7158E5D7140 /* Pods */,
				0797045C5C0029CBE046C8E4 /* Frameworks */,
			);
			sourceTree = "<group>";
		};
		5273D29E263CB59E004FF8E0 /* Products */ = {
			isa = PBXGroup;
			children = (
				5273D29D263CB59E004FF8E0 /* MuviApp-IOS.app */,
			);
			name = Products;
			sourceTree = "<group>";
		};
		5273D29F263CB59E004FF8E0 /* MuviApp-IOS */ = {
			isa = PBXGroup;
			children = (
				5273D2B5263CB5C9004FF8E0 /* App */,
				5273D2B6263CB5FA004FF8E0 /* Core */,
				5273D2B7263CB601004FF8E0 /* Module */,
				5273D2B9263CB610004FF8E0 /* Supporting Files */,
				5273D2B8263CB607004FF8E0 /* Utils */,
			);
			path = "MuviApp-IOS";
			sourceTree = "<group>";
		};
		5273D2B5263CB5C9004FF8E0 /* App */ = {
			isa = PBXGroup;
			children = (
				5273D2A0263CB59E004FF8E0 /* AppDelegate.swift */,
				5273D2A2263CB59E004FF8E0 /* SceneDelegate.swift */,
			);
			path = App;
			sourceTree = "<group>";
		};
		5273D2B6263CB5FA004FF8E0 /* Core */ = {
			isa = PBXGroup;
			children = (
				5273D2C9263CB79A004FF8E0 /* Data */,
				5273D2CA263CB7B0004FF8E0 /* DI */,
				5273D2CB263CB7B8004FF8E0 /* Domain */,
			);
			path = Core;
			sourceTree = "<group>";
		};
		5273D2B7263CB601004FF8E0 /* Module */ = {
			isa = PBXGroup;
			children = (
				5245B262263DA38600914123 /* Detail */,
				5273D2BC263CB656004FF8E0 /* Favorite */,
				5273D2BB263CB650004FF8E0 /* Popular */,
				5273D2BA263CB64C004FF8E0 /* Home */,
			);
			path = Module;
			sourceTree = "<group>";
		};
		5273D2B8263CB607004FF8E0 /* Utils */ = {
			isa = PBXGroup;
			children = (
				520E1712264A1A3800B49069 /* CustomTapGesture.swift */,
				5273D2C5263CB770004FF8E0 /* Constants.swift */,
				5273D2C0263CB74C004FF8E0 /* Extensions.swift */,
				5273D2F4263CB96E004FF8E0 /* CustomError.swift */,
				52508A2226404BDC0079DDBE /* PaddingLabel.swift */,
				527A5B1026412D90008CC946 /* GradientView.swift */,
				5238F0952646E3D500EA5ACC /* Box.swift */,
			);
			path = Utils;
			sourceTree = "<group>";
		};
		5273D2B9263CB610004FF8E0 /* Supporting Files */ = {
			isa = PBXGroup;
			children = (
				5273D2A6263CB59E004FF8E0 /* Main.storyboard */,
				5273D2AB263CB5A2004FF8E0 /* LaunchScreen.storyboard */,
				5273D2A9263CB5A2004FF8E0 /* Assets.xcassets */,
				5273D2AE263CB5A2004FF8E0 /* Info.plist */,
			);
			path = "Supporting Files";
			sourceTree = "<group>";
		};
		5273D2BA263CB64C004FF8E0 /* Home */ = {
			isa = PBXGroup;
			children = (
				5245B258263DA09800914123 /* Cell */,
				5273D2A4263CB59E004FF8E0 /* HomeViewController.swift */,
				5273D322263D010E004FF8E0 /* HomeViewModel.swift */,
			);
			path = Home;
			sourceTree = "<group>";
		};
		5273D2BB263CB650004FF8E0 /* Popular */ = {
			isa = PBXGroup;
			children = (
				5273D31C263D00ED004FF8E0 /* PopularViewModel.swift */,
				5273D31F263D00FB004FF8E0 /* PopularViewController.swift */,
				5202986D263F9D3000A5790E /* PopularSearchCell.swift */,
			);
			path = Popular;
			sourceTree = "<group>";
		};
		5273D2BC263CB656004FF8E0 /* Favorite */ = {
			isa = PBXGroup;
			children = (
				5273D315263D00C2004FF8E0 /* FavoriteViewModel.swift */,
				5273D319263D00DB004FF8E0 /* FavoriteViewController.swift */,
				52029870263FA72600A5790E /* FavoriteCell.swift */,
			);
			path = Favorite;
			sourceTree = "<group>";
		};
		5273D2C9263CB79A004FF8E0 /* Data */ = {
			isa = PBXGroup;
			children = (
				5273D2CE263CB7ED004FF8E0 /* Mapper */,
				5273D2CD263CB7DC004FF8E0 /* Locale */,
				5273D2CC263CB7D6004FF8E0 /* Remote */,
				5273D2CF263CB85B004FF8E0 /* MovieRepository.swift */,
			);
			path = Data;
			sourceTree = "<group>";
		};
		5273D2CA263CB7B0004FF8E0 /* DI */ = {
			isa = PBXGroup;
			children = (
				5273D2DC263CB893004FF8E0 /* Injection.swift */,
			);
			path = DI;
			sourceTree = "<group>";
		};
		5273D2CB263CB7B8004FF8E0 /* Domain */ = {
			isa = PBXGroup;
			children = (
				5273D2E0263CB8B3004FF8E0 /* Model */,
				5273D2DF263CB8AD004FF8E0 /* UseCase */,
			);
			path = Domain;
			sourceTree = "<group>";
		};
		5273D2CC263CB7D6004FF8E0 /* Remote */ = {
			isa = PBXGroup;
			children = (
				5273D2E2263CB8C9004FF8E0 /* Response */,
				5273D2D6263CB87A004FF8E0 /* RemoteDataSource.swift */,
			);
			path = Remote;
			sourceTree = "<group>";
		};
		5273D2CD263CB7DC004FF8E0 /* Locale */ = {
			isa = PBXGroup;
			children = (
				5273D2E1263CB8C1004FF8E0 /* Entity */,
				5273D2D3263CB86F004FF8E0 /* LocaleDataSource.swift */,
			);
			path = Locale;
			sourceTree = "<group>";
		};
		5273D2CE263CB7ED004FF8E0 /* Mapper */ = {
			isa = PBXGroup;
			children = (
				5273D2D9263CB886004FF8E0 /* ObjectMapper.swift */,
			);
			path = Mapper;
			sourceTree = "<group>";
		};
		5273D2DF263CB8AD004FF8E0 /* UseCase */ = {
			isa = PBXGroup;
			children = (
				5273D2E8263CB8F5004FF8E0 /* MovieInteractor.swift */,
				52029873263FD19200A5790E /* PopularInteractor.swift */,
				52029876263FD19D00A5790E /* FavoriteInteractor.swift */,
				5202987E263FD7BC00A5790E /* DetailInteractor.swift */,
			);
			path = UseCase;
			sourceTree = "<group>";
		};
		5273D2E0263CB8B3004FF8E0 /* Model */ = {
			isa = PBXGroup;
			children = (
				5273D2E3263CB8DF004FF8E0 /* Movie.swift */,
				5273D33B263D4386004FF8E0 /* Cast.swift */,
				5202987B263FD51000A5790E /* Video.swift */,
			);
			path = Model;
			sourceTree = "<group>";
		};
		5273D2E1263CB8C1004FF8E0 /* Entity */ = {
			isa = PBXGroup;
			children = (
				5273D2ED263CB91E004FF8E0 /* MovieEntity.swift */,
			);
			path = Entity;
			sourceTree = "<group>";
		};
		5273D2E2263CB8C9004FF8E0 /* Response */ = {
			isa = PBXGroup;
			children = (
				5273D2F0263CB92E004FF8E0 /* MovieResponse.swift */,
				5273D33E263D4456004FF8E0 /* GenreItem.swift */,
				5273D341263D4494004FF8E0 /* CastResponse.swift */,
				5273D344263D4788004FF8E0 /* VideoResponse.swift */,
			);
			path = Response;
			sourceTree = "<group>";
		};
		74ECB06E7FBCC7158E5D7140 /* Pods */ = {
			isa = PBXGroup;
			children = (
				8BB9078D4E283A02B91A32A9 /* Pods-MuviApp-IOS.debug.xcconfig */,
				0189269CB965696DA3620426 /* Pods-MuviApp-IOS.release.xcconfig */,
			);
			path = Pods;
			sourceTree = "<group>";
		};
/* End PBXGroup section */

/* Begin PBXNativeTarget section */
		5273D29C263CB59E004FF8E0 /* MuviApp-IOS */ = {
			isa = PBXNativeTarget;
			buildConfigurationList = 5273D2B1263CB5A2004FF8E0 /* Build configuration list for PBXNativeTarget "MuviApp-IOS" */;
			buildPhases = (
				939AEC2FA1952C84D865E527 /* [CP] Check Pods Manifest.lock */,
				5273D299263CB59E004FF8E0 /* Sources */,
				5273D29A263CB59E004FF8E0 /* Frameworks */,
				5273D29B263CB59E004FF8E0 /* Resources */,
				FDA54361120EC8B927BE7A7D /* [CP] Embed Pods Frameworks */,
			);
			buildRules = (
			);
			dependencies = (
			);
			name = "MuviApp-IOS";
			productName = "MuviApp-IOS";
			productReference = 5273D29D263CB59E004FF8E0 /* MuviApp-IOS.app */;
			productType = "com.apple.product-type.application";
		};
/* End PBXNativeTarget section */

/* Begin PBXProject section */
		5273D295263CB59E004FF8E0 /* Project object */ = {
			isa = PBXProject;
			attributes = {
				LastSwiftUpdateCheck = 1240;
				LastUpgradeCheck = 1240;
				TargetAttributes = {
					5273D29C263CB59E004FF8E0 = {
						CreatedOnToolsVersion = 12.4;
					};
				};
			};
			buildConfigurationList = 5273D298263CB59E004FF8E0 /* Build configuration list for PBXProject "MuviApp-IOS" */;
			compatibilityVersion = "Xcode 9.3";
			developmentRegion = en;
			hasScannedForEncodings = 0;
			knownRegions = (
				en,
				Base,
			);
			mainGroup = 5273D294263CB59E004FF8E0;
			productRefGroup = 5273D29E263CB59E004FF8E0 /* Products */;
			projectDirPath = "";
			projectRoot = "";
			targets = (
				5273D29C263CB59E004FF8E0 /* MuviApp-IOS */,
			);
		};
/* End PBXProject section */

/* Begin PBXResourcesBuildPhase section */
		5273D29B263CB59E004FF8E0 /* Resources */ = {
			isa = PBXResourcesBuildPhase;
			buildActionMask = 2147483647;
			files = (
				5273D2AD263CB5A2004FF8E0 /* LaunchScreen.storyboard in Resources */,
				5273D2AA263CB5A2004FF8E0 /* Assets.xcassets in Resources */,
				5273D2A8263CB59E004FF8E0 /* Main.storyboard in Resources */,
			);
			runOnlyForDeploymentPostprocessing = 0;
		};
/* End PBXResourcesBuildPhase section */

/* Begin PBXShellScriptBuildPhase section */
		939AEC2FA1952C84D865E527 /* [CP] Check Pods Manifest.lock */ = {
			isa = PBXShellScriptBuildPhase;
			buildActionMask = 2147483647;
			files = (
			);
			inputFileListPaths = (
			);
			inputPaths = (
				"${PODS_PODFILE_DIR_PATH}/Podfile.lock",
				"${PODS_ROOT}/Manifest.lock",
			);
			name = "[CP] Check Pods Manifest.lock";
			outputFileListPaths = (
			);
			outputPaths = (
				"$(DERIVED_FILE_DIR)/Pods-MuviApp-IOS-checkManifestLockResult.txt",
			);
			runOnlyForDeploymentPostprocessing = 0;
			shellPath = /bin/sh;
			shellScript = "diff \"${PODS_PODFILE_DIR_PATH}/Podfile.lock\" \"${PODS_ROOT}/Manifest.lock\" > /dev/null\nif [ $? != 0 ] ; then\n    # print error to STDERR\n    echo \"error: The sandbox is not in sync with the Podfile.lock. Run 'pod install' or update your CocoaPods installation.\" >&2\n    exit 1\nfi\n# This output is used by Xcode 'outputs' to avoid re-running this script phase.\necho \"SUCCESS\" > \"${SCRIPT_OUTPUT_FILE_0}\"\n";
			showEnvVarsInLog = 0;
		};
		FDA54361120EC8B927BE7A7D /* [CP] Embed Pods Frameworks */ = {
			isa = PBXShellScriptBuildPhase;
			buildActionMask = 2147483647;
			files = (
			);
			inputFileListPaths = (
				"${PODS_ROOT}/Target Support Files/Pods-MuviApp-IOS/Pods-MuviApp-IOS-frameworks-${CONFIGURATION}-input-files.xcfilelist",
			);
			name = "[CP] Embed Pods Frameworks";
			outputFileListPaths = (
				"${PODS_ROOT}/Target Support Files/Pods-MuviApp-IOS/Pods-MuviApp-IOS-frameworks-${CONFIGURATION}-output-files.xcfilelist",
			);
			runOnlyForDeploymentPostprocessing = 0;
			shellPath = /bin/sh;
			shellScript = "\"${PODS_ROOT}/Target Support Files/Pods-MuviApp-IOS/Pods-MuviApp-IOS-frameworks.sh\"\n";
			showEnvVarsInLog = 0;
		};
/* End PBXShellScriptBuildPhase section */

/* Begin PBXSourcesBuildPhase section */
		5273D299263CB59E004FF8E0 /* Sources */ = {
			isa = PBXSourcesBuildPhase;
			buildActionMask = 2147483647;
			files = (
				5273D31D263D00ED004FF8E0 /* PopularViewModel.swift in Sources */,
				5273D2D7263CB87A004FF8E0 /* RemoteDataSource.swift in Sources */,
				5245B268263DA3BB00914123 /* DetailViewModel.swift in Sources */,
				5202987F263FD7BC00A5790E /* DetailInteractor.swift in Sources */,
				5273D2D4263CB86F004FF8E0 /* LocaleDataSource.swift in Sources */,
				5202986E263F9D3000A5790E /* PopularSearchCell.swift in Sources */,
				52029877263FD19D00A5790E /* FavoriteInteractor.swift in Sources */,
				5202986A263EFC2600A5790E /* CastCell.swift in Sources */,
				5273D323263D010E004FF8E0 /* HomeViewModel.swift in Sources */,
				5273D345263D4788004FF8E0 /* VideoResponse.swift in Sources */,
				5273D2C6263CB770004FF8E0 /* Constants.swift in Sources */,
				52029874263FD19200A5790E /* PopularInteractor.swift in Sources */,
				5245B25A263DA0C700914123 /* PopularCell.swift in Sources */,
				5273D2DA263CB886004FF8E0 /* ObjectMapper.swift in Sources */,
				5273D342263D4494004FF8E0 /* CastResponse.swift in Sources */,
				527A5B1126412D90008CC946 /* GradientView.swift in Sources */,
				5273D2A5263CB59E004FF8E0 /* HomeViewController.swift in Sources */,
				52029871263FA72600A5790E /* FavoriteCell.swift in Sources */,
				5273D2F5263CB96E004FF8E0 /* CustomError.swift in Sources */,
				5273D316263D00C2004FF8E0 /* FavoriteViewModel.swift in Sources */,
				5273D2DD263CB893004FF8E0 /* Injection.swift in Sources */,
				520E1713264A1A3800B49069 /* CustomTapGesture.swift in Sources */,
				5202987C263FD51000A5790E /* Video.swift in Sources */,
				5273D2D0263CB85B004FF8E0 /* MovieRepository.swift in Sources */,
				5273D2A1263CB59E004FF8E0 /* AppDelegate.swift in Sources */,
				5273D2EE263CB91E004FF8E0 /* MovieEntity.swift in Sources */,
				52508A2326404BDC0079DDBE /* PaddingLabel.swift in Sources */,
				5273D2F1263CB92E004FF8E0 /* MovieResponse.swift in Sources */,
				5245B25D263DA0DA00914123 /* UpComingCell.swift in Sources */,
				5273D31A263D00DB004FF8E0 /* FavoriteViewController.swift in Sources */,
				520E170B2649CE7400B49069 /* BannerCell.swift in Sources */,
				5273D320263D00FB004FF8E0 /* PopularViewController.swift in Sources */,
				5273D33C263D4386004FF8E0 /* Cast.swift in Sources */,
				5273D2A3263CB59E004FF8E0 /* SceneDelegate.swift in Sources */,
				5273D33F263D4456004FF8E0 /* GenreItem.swift in Sources */,
				5273D2E4263CB8DF004FF8E0 /* Movie.swift in Sources */,
				5273D2E9263CB8F5004FF8E0 /* MovieInteractor.swift in Sources */,
				5273D2C1263CB74C004FF8E0 /* Extensions.swift in Sources */,
				5245B264263DA3AF00914123 /* DetailViewController.swift in Sources */,
				5238F0962646E3D500EA5ACC /* Box.swift in Sources */,
			);
			runOnlyForDeploymentPostprocessing = 0;
		};
/* End PBXSourcesBuildPhase section */

/* Begin PBXVariantGroup section */
		5273D2A6263CB59E004FF8E0 /* Main.storyboard */ = {
			isa = PBXVariantGroup;
			children = (
				5273D2A7263CB59E004FF8E0 /* Base */,
			);
			name = Main.storyboard;
			sourceTree = "<group>";
		};
		5273D2AB263CB5A2004FF8E0 /* LaunchScreen.storyboard */ = {
			isa = PBXVariantGroup;
			children = (
				5273D2AC263CB5A2004FF8E0 /* Base */,
			);
			name = LaunchScreen.storyboard;
			sourceTree = "<group>";
		};
/* End PBXVariantGroup section */

/* Begin XCBuildConfiguration section */
		5273D2AF263CB5A2004FF8E0 /* Debug */ = {
			isa = XCBuildConfiguration;
			buildSettings = {
				ALWAYS_SEARCH_USER_PATHS = NO;
				CLANG_ANALYZER_NONNULL = YES;
				CLANG_ANALYZER_NUMBER_OBJECT_CONVERSION = YES_AGGRESSIVE;
				CLANG_CXX_LANGUAGE_STANDARD = "gnu++14";
				CLANG_CXX_LIBRARY = "libc++";
				CLANG_ENABLE_MODULES = YES;
				CLANG_ENABLE_OBJC_ARC = YES;
				CLANG_ENABLE_OBJC_WEAK = YES;
				CLANG_WARN_BLOCK_CAPTURE_AUTORELEASING = YES;
				CLANG_WARN_BOOL_CONVERSION = YES;
				CLANG_WARN_COMMA = YES;
				CLANG_WARN_CONSTANT_CONVERSION = YES;
				CLANG_WARN_DEPRECATED_OBJC_IMPLEMENTATIONS = YES;
				CLANG_WARN_DIRECT_OBJC_ISA_USAGE = YES_ERROR;
				CLANG_WARN_DOCUMENTATION_COMMENTS = YES;
				CLANG_WARN_EMPTY_BODY = YES;
				CLANG_WARN_ENUM_CONVERSION = YES;
				CLANG_WARN_INFINITE_RECURSION = YES;
				CLANG_WARN_INT_CONVERSION = YES;
				CLANG_WARN_NON_LITERAL_NULL_CONVERSION = YES;
				CLANG_WARN_OBJC_IMPLICIT_RETAIN_SELF = YES;
				CLANG_WARN_OBJC_LITERAL_CONVERSION = YES;
				CLANG_WARN_OBJC_ROOT_CLASS = YES_ERROR;
				CLANG_WARN_QUOTED_INCLUDE_IN_FRAMEWORK_HEADER = YES;
				CLANG_WARN_RANGE_LOOP_ANALYSIS = YES;
				CLANG_WARN_STRICT_PROTOTYPES = YES;
				CLANG_WARN_SUSPICIOUS_MOVE = YES;
				CLANG_WARN_UNGUARDED_AVAILABILITY = YES_AGGRESSIVE;
				CLANG_WARN_UNREACHABLE_CODE = YES;
				CLANG_WARN__DUPLICATE_METHOD_MATCH = YES;
				COPY_PHASE_STRIP = NO;
				DEBUG_INFORMATION_FORMAT = dwarf;
				ENABLE_STRICT_OBJC_MSGSEND = YES;
				ENABLE_TESTABILITY = YES;
				GCC_C_LANGUAGE_STANDARD = gnu11;
				GCC_DYNAMIC_NO_PIC = NO;
				GCC_NO_COMMON_BLOCKS = YES;
				GCC_OPTIMIZATION_LEVEL = 0;
				GCC_PREPROCESSOR_DEFINITIONS = (
					"DEBUG=1",
					"$(inherited)",
				);
				GCC_WARN_64_TO_32_BIT_CONVERSION = YES;
				GCC_WARN_ABOUT_RETURN_TYPE = YES_ERROR;
				GCC_WARN_UNDECLARED_SELECTOR = YES;
				GCC_WARN_UNINITIALIZED_AUTOS = YES_AGGRESSIVE;
				GCC_WARN_UNUSED_FUNCTION = YES;
				GCC_WARN_UNUSED_VARIABLE = YES;
				IPHONEOS_DEPLOYMENT_TARGET = 14.4;
				MTL_ENABLE_DEBUG_INFO = INCLUDE_SOURCE;
				MTL_FAST_MATH = YES;
				ONLY_ACTIVE_ARCH = YES;
				SDKROOT = iphoneos;
				SWIFT_ACTIVE_COMPILATION_CONDITIONS = DEBUG;
				SWIFT_OPTIMIZATION_LEVEL = "-Onone";
			};
			name = Debug;
		};
		5273D2B0263CB5A2004FF8E0 /* Release */ = {
			isa = XCBuildConfiguration;
			buildSettings = {
				ALWAYS_SEARCH_USER_PATHS = NO;
				CLANG_ANALYZER_NONNULL = YES;
				CLANG_ANALYZER_NUMBER_OBJECT_CONVERSION = YES_AGGRESSIVE;
				CLANG_CXX_LANGUAGE_STANDARD = "gnu++14";
				CLANG_CXX_LIBRARY = "libc++";
				CLANG_ENABLE_MODULES = YES;
				CLANG_ENABLE_OBJC_ARC = YES;
				CLANG_ENABLE_OBJC_WEAK = YES;
				CLANG_WARN_BLOCK_CAPTURE_AUTORELEASING = YES;
				CLANG_WARN_BOOL_CONVERSION = YES;
				CLANG_WARN_COMMA = YES;
				CLANG_WARN_CONSTANT_CONVERSION = YES;
				CLANG_WARN_DEPRECATED_OBJC_IMPLEMENTATIONS = YES;
				CLANG_WARN_DIRECT_OBJC_ISA_USAGE = YES_ERROR;
				CLANG_WARN_DOCUMENTATION_COMMENTS = YES;
				CLANG_WARN_EMPTY_BODY = YES;
				CLANG_WARN_ENUM_CONVERSION = YES;
				CLANG_WARN_INFINITE_RECURSION = YES;
				CLANG_WARN_INT_CONVERSION = YES;
				CLANG_WARN_NON_LITERAL_NULL_CONVERSION = YES;
				CLANG_WARN_OBJC_IMPLICIT_RETAIN_SELF = YES;
				CLANG_WARN_OBJC_LITERAL_CONVERSION = YES;
				CLANG_WARN_OBJC_ROOT_CLASS = YES_ERROR;
				CLANG_WARN_QUOTED_INCLUDE_IN_FRAMEWORK_HEADER = YES;
				CLANG_WARN_RANGE_LOOP_ANALYSIS = YES;
				CLANG_WARN_STRICT_PROTOTYPES = YES;
				CLANG_WARN_SUSPICIOUS_MOVE = YES;
				CLANG_WARN_UNGUARDED_AVAILABILITY = YES_AGGRESSIVE;
				CLANG_WARN_UNREACHABLE_CODE = YES;
				CLANG_WARN__DUPLICATE_METHOD_MATCH = YES;
				COPY_PHASE_STRIP = NO;
				DEBUG_INFORMATION_FORMAT = "dwarf-with-dsym";
				ENABLE_NS_ASSERTIONS = NO;
				ENABLE_STRICT_OBJC_MSGSEND = YES;
				GCC_C_LANGUAGE_STANDARD = gnu11;
				GCC_NO_COMMON_BLOCKS = YES;
				GCC_WARN_64_TO_32_BIT_CONVERSION = YES;
				GCC_WARN_ABOUT_RETURN_TYPE = YES_ERROR;
				GCC_WARN_UNDECLARED_SELECTOR = YES;
				GCC_WARN_UNINITIALIZED_AUTOS = YES_AGGRESSIVE;
				GCC_WARN_UNUSED_FUNCTION = YES;
				GCC_WARN_UNUSED_VARIABLE = YES;
				IPHONEOS_DEPLOYMENT_TARGET = 14.4;
				MTL_ENABLE_DEBUG_INFO = NO;
				MTL_FAST_MATH = YES;
				SDKROOT = iphoneos;
				SWIFT_COMPILATION_MODE = wholemodule;
				SWIFT_OPTIMIZATION_LEVEL = "-O";
				VALIDATE_PRODUCT = YES;
			};
			name = Release;
		};
		5273D2B2263CB5A2004FF8E0 /* Debug */ = {
			isa = XCBuildConfiguration;
			baseConfigurationReference = 8BB9078D4E283A02B91A32A9 /* Pods-MuviApp-IOS.debug.xcconfig */;
			buildSettings = {
				ASSETCATALOG_COMPILER_APPICON_NAME = AppIcon;
				ASSETCATALOG_COMPILER_GLOBAL_ACCENT_COLOR_NAME = AccentColor;
				CODE_SIGN_STYLE = Automatic;
				DEVELOPMENT_TEAM = SM8JGRFPQU;
				INFOPLIST_FILE = "$(SRCROOT)/MuviApp-IOS/Supporting Files/Info.plist";
				LD_RUNPATH_SEARCH_PATHS = (
					"$(inherited)",
					"@executable_path/Frameworks",
				);
				PRODUCT_BUNDLE_IDENTIFIER = "com.uwaisalqadri.MuviApp-IOS";
				PRODUCT_NAME = "$(TARGET_NAME)";
				SWIFT_VERSION = 5.0;
				TARGETED_DEVICE_FAMILY = "1,2";
			};
			name = Debug;
		};
		5273D2B3263CB5A2004FF8E0 /* Release */ = {
			isa = XCBuildConfiguration;
			baseConfigurationReference = 0189269CB965696DA3620426 /* Pods-MuviApp-IOS.release.xcconfig */;
			buildSettings = {
				ASSETCATALOG_COMPILER_APPICON_NAME = AppIcon;
				ASSETCATALOG_COMPILER_GLOBAL_ACCENT_COLOR_NAME = AccentColor;
				CODE_SIGN_STYLE = Automatic;
				DEVELOPMENT_TEAM = SM8JGRFPQU;
				INFOPLIST_FILE = "$(SRCROOT)/MuviApp-IOS/Supporting Files/Info.plist";
				LD_RUNPATH_SEARCH_PATHS = (
					"$(inherited)",
					"@executable_path/Frameworks",
				);
				PRODUCT_BUNDLE_IDENTIFIER = "com.uwaisalqadri.MuviApp-IOS";
				PRODUCT_NAME = "$(TARGET_NAME)";
				SWIFT_VERSION = 5.0;
				TARGETED_DEVICE_FAMILY = "1,2";
			};
			name = Release;
		};
/* End XCBuildConfiguration section */

/* Begin XCConfigurationList section */
		5273D298263CB59E004FF8E0 /* Build configuration list for PBXProject "MuviApp-IOS" */ = {
			isa = XCConfigurationList;
			buildConfigurations = (
				5273D2AF263CB5A2004FF8E0 /* Debug */,
				5273D2B0263CB5A2004FF8E0 /* Release */,
			);
			defaultConfigurationIsVisible = 0;
			defaultConfigurationName = Release;
		};
		5273D2B1263CB5A2004FF8E0 /* Build configuration list for PBXNativeTarget "MuviApp-IOS" */ = {
			isa = XCConfigurationList;
			buildConfigurations = (
				5273D2B2263CB5A2004FF8E0 /* Debug */,
				5273D2B3263CB5A2004FF8E0 /* Release */,
			);
			defaultConfigurationIsVisible = 0;
			defaultConfigurationName = Release;
		};
/* End XCConfigurationList section */
	};
	rootObject = 5273D295263CB59E004FF8E0 /* Project object */;
}
